
Microsoft Visual Studio Solution File, Format Version 12.00
# Visual Studio Version 17
VisualStudioVersion = 17.5.002.0
MinimumVisualStudioVersion = 10.0.40219.1
Project("{2150E333-8FDC-42A3-9474-1A3956D46DE8}") = "csharp-prep", "csharp-prep", "{D92F0DDB-801B-4EA8-97C1-AC044F1EC0BA}"
EndProject
Project("{9A19103F-16F7-4668-BE54-9A1E7A4F7556}") = "Prep1", "csharp-prep\Prep1\Prep1.csproj", "{D065FAF7-6E19-4D3C-ADBA-D47267BE40BB}"
EndProject
Project("{9A19103F-16F7-4668-BE54-9A1E7A4F7556}") = "Prep2", "csharp-prep\Prep2\Prep2.csproj", "{C88022E6-B1A3-450D-997C-BC574C14F682}"
EndProject
Project("{9A19103F-16F7-4668-BE54-9A1E7A4F7556}") = "Prep3", "csharp-prep\Prep3\Prep3.csproj", "{3F4A158B-2CA6-4523-998F-3E0ECEA3EEF8}"
EndProject
Project("{9A19103F-16F7-4668-BE54-9A1E7A4F7556}") = "Prep4", "csharp-prep\Prep4\Prep4.csproj", "{EC51B5EB-D7F4-44C4-9646-03FDDE74D510}"
EndProject
Project("{9A19103F-16F7-4668-BE54-9A1E7A4F7556}") = "Prep5", "csharp-prep\Prep5\Prep5.csproj", "{08C0ECC3-38A7-410C-A8A1-2E1523975165}"
EndProject
Project("{2150E333-8FDC-42A3-9474-1A3956D46DE8}") = "final", "final", "{4FB622FE-3D97-48D0-AD5D-14D989BDC7E6}"
EndProject
Project("{9A19103F-16F7-4668-BE54-9A1E7A4F7556}") = "FinalProject", "final\FinalProject\FinalProject.csproj", "{B5CDA709-BEDE-4E0D-A60C-173CB0CEF4AB}"
EndProject
Project("{9A19103F-16F7-4668-BE54-9A1E7A4F7556}") = "Foundation1", "final\Foundation1\Foundation1.csproj", "{48012EBC-618A-4AAB-BDCF-FF35E2364B8B}"
EndProject
Project("{9A19103F-16F7-4668-BE54-9A1E7A4F7556}") = "Foundation2", "final\Foundation2\Foundation2.csproj", "{8565FD52-9324-4D88-9948-3D36E16081F2}"
EndProject
Project("{9A19103F-16F7-4668-BE54-9A1E7A4F7556}") = "Foundation3", "final\Foundation3\Foundation3.csproj", "{55E2FBEA-1CE4-4114-B4EB-EA284388EC40}"
EndProject
Project("{9A19103F-16F7-4668-BE54-9A1E7A4F7556}") = "Foundation4", "final\Foundation4\Foundation4.csproj", "{79D6B400-864F-44D5-9728-F0AD55B21B4B}"
EndProject
Project("{2150E333-8FDC-42A3-9474-1A3956D46DE8}") = "prepare", "prepare", "{F993557B-9323-4207-97DF-2C4F57E4E395}"
EndProject
Project("{9A19103F-16F7-4668-BE54-9A1E7A4F7556}") = "Learning02", "prepare\Learning02\Learning02.csproj", "{987C68CE-BB69-49B0-93B1-57C5B36AA1AF}"
EndProject
Project("{9A19103F-16F7-4668-BE54-9A1E7A4F7556}") = "Learning03", "prepare\Learning03\Learning03.csproj", "{631A56EB-5819-47F9-8B25-60B8E363EAF5}"
EndProject
Project("{9A19103F-16F7-4668-BE54-9A1E7A4F7556}") = "Learning04", "prepare\Learning04\Learning04.csproj", "{89EEFDC0-4D74-48E2-8B17-DFB3BE493914}"
EndProject
Project("{9A19103F-16F7-4668-BE54-9A1E7A4F7556}") = "Learning05", "prepare\Learning05\Learning05.csproj", "{FE43A418-3208-47B5-964D-B2F07BE8F2E9}"
EndProject
Project("{2150E333-8FDC-42A3-9474-1A3956D46DE8}") = "prove", "prove", "{C7C8E782-A2CB-4ED5-856F-D7900777BFC4}"
EndProject
Project("{9A19103F-16F7-4668-BE54-9A1E7A4F7556}") = "Develop02", "prove\Develop02\Develop02.csproj", "{0B93B3FF-7899-4BB6-BFED-53F50830BDF9}"
EndProject
Project("{9A19103F-16F7-4668-BE54-9A1E7A4F7556}") = "Develop03", "prove\Develop03\Develop03.csproj", "{C76CE25F-1FB0-49C8-B863-D783EEF67592}"
EndProject
Project("{9A19103F-16F7-4668-BE54-9A1E7A4F7556}") = "Develop04", "prove\Develop04\Develop04.csproj", "{852F7DA1-A7D9-4630-B60B-5FF60E6A0690}"
EndProject
Project("{9A19103F-16F7-4668-BE54-9A1E7A4F7556}") = "Develop05", "prove\Develop05\Develop05.csproj", "{17CB1130-CA8C-4F3F-81A7-2BFE84DEDB0A}"
EndProject
Project("{2150E333-8FDC-42A3-9474-1A3956D46DE8}") = "sandbox", "sandbox", "{559CAFEF-A895-4717-9CAA-3323F4502993}"
EndProject
Project("{9A19103F-16F7-4668-BE54-9A1E7A4F7556}") = "Sandbox", "sandbox\Sandbox\Sandbox.csproj", "{D3A9683C-77B0-4764-BE20-58D21C53C816}"
EndProject
Global
	GlobalSection(SolutionConfigurationPlatforms) = preSolution
		Debug|Any CPU = Debug|Any CPU
		Release|Any CPU = Release|Any CPU
	EndGlobalSection
	GlobalSection(ProjectConfigurationPlatforms) = postSolution
		{D065FAF7-6E19-4D3C-ADBA-D47267BE40BB}.Debug|Any CPU.ActiveCfg = Debug|Any CPU
		{D065FAF7-6E19-4D3C-ADBA-D47267BE40BB}.Debug|Any CPU.Build.0 = Debug|Any CPU
		{D065FAF7-6E19-4D3C-ADBA-D47267BE40BB}.Release|Any CPU.ActiveCfg = Release|Any CPU
		{D065FAF7-6E19-4D3C-ADBA-D47267BE40BB}.Release|Any CPU.Build.0 = Release|Any CPU
		{C88022E6-B1A3-450D-997C-BC574C14F682}.Debug|Any CPU.ActiveCfg = Debug|Any CPU
		{C88022E6-B1A3-450D-997C-BC574C14F682}.Debug|Any CPU.Build.0 = Debug|Any CPU
		{C88022E6-B1A3-450D-997C-BC574C14F682}.Release|Any CPU.ActiveCfg = Release|Any CPU
		{C88022E6-B1A3-450D-997C-BC574C14F682}.Release|Any CPU.Build.0 = Release|Any CPU
		{3F4A158B-2CA6-4523-998F-3E0ECEA3EEF8}.Debug|Any CPU.ActiveCfg = Debug|Any CPU
		{3F4A158B-2CA6-4523-998F-3E0ECEA3EEF8}.Debug|Any CPU.Build.0 = Debug|Any CPU
		{3F4A158B-2CA6-4523-998F-3E0ECEA3EEF8}.Release|Any CPU.ActiveCfg = Release|Any CPU
		{3F4A158B-2CA6-4523-998F-3E0ECEA3EEF8}.Release|Any CPU.Build.0 = Release|Any CPU
		{EC51B5EB-D7F4-44C4-9646-03FDDE74D510}.Debug|Any CPU.ActiveCfg = Debug|Any CPU
		{EC51B5EB-D7F4-44C4-9646-03FDDE74D510}.Debug|Any CPU.Build.0 = Debug|Any CPU
		{EC51B5EB-D7F4-44C4-9646-03FDDE74D510}.Release|Any CPU.ActiveCfg = Release|Any CPU
		{EC51B5EB-D7F4-44C4-9646-03FDDE74D510}.Release|Any CPU.Build.0 = Release|Any CPU
		{08C0ECC3-38A7-410C-A8A1-2E1523975165}.Debug|Any CPU.ActiveCfg = Debug|Any CPU
		{08C0ECC3-38A7-410C-A8A1-2E1523975165}.Debug|Any CPU.Build.0 = Debug|Any CPU
		{08C0ECC3-38A7-410C-A8A1-2E1523975165}.Release|Any CPU.ActiveCfg = Release|Any CPU
		{08C0ECC3-38A7-410C-A8A1-2E1523975165}.Release|Any CPU.Build.0 = Release|Any CPU
		{B5CDA709-BEDE-4E0D-A60C-173CB0CEF4AB}.Debug|Any CPU.ActiveCfg = Debug|Any CPU
		{B5CDA709-BEDE-4E0D-A60C-173CB0CEF4AB}.Debug|Any CPU.Build.0 = Debug|Any CPU
		{B5CDA709-BEDE-4E0D-A60C-173CB0CEF4AB}.Release|Any CPU.ActiveCfg = Release|Any CPU
		{B5CDA709-BEDE-4E0D-A60C-173CB0CEF4AB}.Release|Any CPU.Build.0 = Release|Any CPU
		{48012EBC-618A-4AAB-BDCF-FF35E2364B8B}.Debug|Any CPU.ActiveCfg = Debug|Any CPU
		{48012EBC-618A-4AAB-BDCF-FF35E2364B8B}.Debug|Any CPU.Build.0 = Debug|Any CPU
		{48012EBC-618A-4AAB-BDCF-FF35E2364B8B}.Release|Any CPU.ActiveCfg = Release|Any CPU
		{48012EBC-618A-4AAB-BDCF-FF35E2364B8B}.Release|Any CPU.Build.0 = Release|Any CPU
		{8565FD52-9324-4D88-9948-3D36E16081F2}.Debug|Any CPU.ActiveCfg = Debug|Any CPU
		{8565FD52-9324-4D88-9948-3D36E16081F2}.Debug|Any CPU.Build.0 = Debug|Any CPU
		{8565FD52-9324-4D88-9948-3D36E16081F2}.Release|Any CPU.ActiveCfg = Release|Any CPU
		{8565FD52-9324-4D88-9948-3D36E16081F2}.Release|Any CPU.Build.0 = Release|Any CPU
		{55E2FBEA-1CE4-4114-B4EB-EA284388EC40}.Debug|Any CPU.ActiveCfg = Debug|Any CPU
		{55E2FBEA-1CE4-4114-B4EB-EA284388EC40}.Debug|Any CPU.Build.0 = Debug|Any CPU
		{55E2FBEA-1CE4-4114-B4EB-EA284388EC40}.Release|Any CPU.ActiveCfg = Release|Any CPU
		{55E2FBEA-1CE4-4114-B4EB-EA284388EC40}.Release|Any CPU.Build.0 = Release|Any CPU
		{79D6B400-864F-44D5-9728-F0AD55B21B4B}.Debug|Any CPU.ActiveCfg = Debug|Any CPU
		{79D6B400-864F-44D5-9728-F0AD55B21B4B}.Debug|Any CPU.Build.0 = Debug|Any CPU
		{79D6B400-864F-44D5-9728-F0AD55B21B4B}.Release|Any CPU.ActiveCfg = Release|Any CPU
		{79D6B400-864F-44D5-9728-F0AD55B21B4B}.Release|Any CPU.Build.0 = Release|Any CPU
		{987C68CE-BB69-49B0-93B1-57C5B36AA1AF}.Debug|Any CPU.ActiveCfg = Debug|Any CPU
		{987C68CE-BB69-49B0-93B1-57C5B36AA1AF}.Debug|Any CPU.Build.0 = Debug|Any CPU
		{987C68CE-BB69-49B0-93B1-57C5B36AA1AF}.Release|Any CPU.ActiveCfg = Release|Any CPU
		{987C68CE-BB69-49B0-93B1-57C5B36AA1AF}.Release|Any CPU.Build.0 = Release|Any CPU
		{631A56EB-5819-47F9-8B25-60B8E363EAF5}.Debug|Any CPU.ActiveCfg = Debug|Any CPU
		{631A56EB-5819-47F9-8B25-60B8E363EAF5}.Debug|Any CPU.Build.0 = Debug|Any CPU
		{631A56EB-5819-47F9-8B25-60B8E363EAF5}.Release|Any CPU.ActiveCfg = Release|Any CPU
		{631A56EB-5819-47F9-8B25-60B8E363EAF5}.Release|Any CPU.Build.0 = Release|Any CPU
		{89EEFDC0-4D74-48E2-8B17-DFB3BE493914}.Debug|Any CPU.ActiveCfg = Debug|Any CPU
		{89EEFDC0-4D74-48E2-8B17-DFB3BE493914}.Debug|Any CPU.Build.0 = Debug|Any CPU
		{89EEFDC0-4D74-48E2-8B17-DFB3BE493914}.Release|Any CPU.ActiveCfg = Release|Any CPU
		{89EEFDC0-4D74-48E2-8B17-DFB3BE493914}.Release|Any CPU.Build.0 = Release|Any CPU
		{FE43A418-3208-47B5-964D-B2F07BE8F2E9}.Debug|Any CPU.ActiveCfg = Debug|Any CPU
		{FE43A418-3208-47B5-964D-B2F07BE8F2E9}.Debug|Any CPU.Build.0 = Debug|Any CPU
		{FE43A418-3208-47B5-964D-B2F07BE8F2E9}.Release|Any CPU.ActiveCfg = Release|Any CPU
		{FE43A418-3208-47B5-964D-B2F07BE8F2E9}.Release|Any CPU.Build.0 = Release|Any CPU
		{0B93B3FF-7899-4BB6-BFED-53F50830BDF9}.Debug|Any CPU.ActiveCfg = Debug|Any CPU
		{0B93B3FF-7899-4BB6-BFED-53F50830BDF9}.Debug|Any CPU.Build.0 = Debug|Any CPU
		{0B93B3FF-7899-4BB6-BFED-53F50830BDF9}.Release|Any CPU.ActiveCfg = Release|Any CPU
		{0B93B3FF-7899-4BB6-BFED-53F50830BDF9}.Release|Any CPU.Build.0 = Release|Any CPU
		{C76CE25F-1FB0-49C8-B863-D783EEF67592}.Debug|Any CPU.ActiveCfg = Debug|Any CPU
		{C76CE25F-1FB0-49C8-B863-D783EEF67592}.Debug|Any CPU.Build.0 = Debug|Any CPU
		{C76CE25F-1FB0-49C8-B863-D783EEF67592}.Release|Any CPU.ActiveCfg = Release|Any CPU
		{C76CE25F-1FB0-49C8-B863-D783EEF67592}.Release|Any CPU.Build.0 = Release|Any CPU
		{852F7DA1-A7D9-4630-B60B-5FF60E6A0690}.Debug|Any CPU.ActiveCfg = Debug|Any CPU
		{852F7DA1-A7D9-4630-B60B-5FF60E6A0690}.Debug|Any CPU.Build.0 = Debug|Any CPU
		{852F7DA1-A7D9-4630-B60B-5FF60E6A0690}.Release|Any CPU.ActiveCfg = Release|Any CPU
		{852F7DA1-A7D9-4630-B60B-5FF60E6A0690}.Release|Any CPU.Build.0 = Release|Any CPU
		{17CB1130-CA8C-4F3F-81A7-2BFE84DEDB0A}.Debug|Any CPU.ActiveCfg = Debug|Any CPU
		{17CB1130-CA8C-4F3F-81A7-2BFE84DEDB0A}.Debug|Any CPU.Build.0 = Debug|Any CPU
		{17CB1130-CA8C-4F3F-81A7-2BFE84DEDB0A}.Release|Any CPU.ActiveCfg = Release|Any CPU
		{17CB1130-CA8C-4F3F-81A7-2BFE84DEDB0A}.Release|Any CPU.Build.0 = Release|Any CPU
		{D3A9683C-77B0-4764-BE20-58D21C53C816}.Debug|Any CPU.ActiveCfg = Debug|Any CPU
		{D3A9683C-77B0-4764-BE20-58D21C53C816}.Debug|Any CPU.Build.0 = Debug|Any CPU
		{D3A9683C-77B0-4764-BE20-58D21C53C816}.Release|Any CPU.ActiveCfg = Release|Any CPU
		{D3A9683C-77B0-4764-BE20-58D21C53C816}.Release|Any CPU.Build.0 = Release|Any CPU
	EndGlobalSection
	GlobalSection(SolutionProperties) = preSolution
		HideSolutionNode = FALSE
	EndGlobalSection
	GlobalSection(NestedProjects) = preSolution
		{D065FAF7-6E19-4D3C-ADBA-D47267BE40BB} = {D92F0DDB-801B-4EA8-97C1-AC044F1EC0BA}
		{C88022E6-B1A3-450D-997C-BC574C14F682} = {D92F0DDB-801B-4EA8-97C1-AC044F1EC0BA}
		{3F4A158B-2CA6-4523-998F-3E0ECEA3EEF8} = {D92F0DDB-801B-4EA8-97C1-AC044F1EC0BA}
		{EC51B5EB-D7F4-44C4-9646-03FDDE74D510} = {D92F0DDB-801B-4EA8-97C1-AC044F1EC0BA}
		{08C0ECC3-38A7-410C-A8A1-2E1523975165} = {D92F0DDB-801B-4EA8-97C1-AC044F1EC0BA}
		{B5CDA709-BEDE-4E0D-A60C-173CB0CEF4AB} = {4FB622FE-3D97-48D0-AD5D-14D989BDC7E6}
		{48012EBC-618A-4AAB-BDCF-FF35E2364B8B} = {4FB622FE-3D97-48D0-AD5D-14D989BDC7E6}
		{8565FD52-9324-4D88-9948-3D36E16081F2} = {4FB622FE-3D97-48D0-AD5D-14D989BDC7E6}
		{55E2FBEA-1CE4-4114-B4EB-EA284388EC40} = {4FB622FE-3D97-48D0-AD5D-14D989BDC7E6}
		{79D6B400-864F-44D5-9728-F0AD55B21B4B} = {4FB622FE-3D97-48D0-AD5D-14D989BDC7E6}
		{987C68CE-BB69-49B0-93B1-57C5B36AA1AF} = {F993557B-9323-4207-97DF-2C4F57E4E395}
		{631A56EB-5819-47F9-8B25-60B8E363EAF5} = {F993557B-9323-4207-97DF-2C4F57E4E395}
		{89EEFDC0-4D74-48E2-8B17-DFB3BE493914} = {F993557B-9323-4207-97DF-2C4F57E4E395}
		{FE43A418-3208-47B5-964D-B2F07BE8F2E9} = {F993557B-9323-4207-97DF-2C4F57E4E395}
		{0B93B3FF-7899-4BB6-BFED-53F50830BDF9} = {C7C8E782-A2CB-4ED5-856F-D7900777BFC4}
		{C76CE25F-1FB0-49C8-B863-D783EEF67592} = {C7C8E782-A2CB-4ED5-856F-D7900777BFC4}
		{852F7DA1-A7D9-4630-B60B-5FF60E6A0690} = {C7C8E782-A2CB-4ED5-856F-D7900777BFC4}
		{17CB1130-CA8C-4F3F-81A7-2BFE84DEDB0A} = {C7C8E782-A2CB-4ED5-856F-D7900777BFC4}
		{D3A9683C-77B0-4764-BE20-58D21C53C816} = {559CAFEF-A895-4717-9CAA-3323F4502993}
	EndGlobalSection
	GlobalSection(ExtensibilityGlobals) = postSolution
		SolutionGuid = {1CB57B73-7CD9-47DF-ACAD-3E188692E8EB}
	EndGlobalSection
EndGlobal
